
Microsoft Visual Studio Solution File, Format Version 12.00
# Visual Studio Version 17
VisualStudioVersion = 17.5.33516.290
MinimumVisualStudioVersion = 10.0.40219.1
Project("{FAE04EC0-301F-11D3-BF4B-00C04F79EFBC}") = "Interface", "Interface\Interface.csproj", "{AB29959A-B04E-4E5F-87F8-BAE12666934A}"
EndProject
Project("{2150E333-8FDC-42A3-9474-1A3956D46DE8}") = "RegrasDeNegocio", "RegrasDeNegocio", "{53A6DE34-7055-49DA-8138-A99D29FCAB6C}"
EndProject
Project("{FAE04EC0-301F-11D3-BF4B-00C04F79EFBC}") = "Regras", "Controller\Regras.csproj", "{B0375D63-DAB0-47EB-89D8-CF068B45767A}"
EndProject
Project("{FAE04EC0-301F-11D3-BF4B-00C04F79EFBC}") = "Model", "Model\Model.csproj", "{07EAFC85-612D-4FDD-8FF9-843C64935E1A}"
EndProject
Global
	GlobalSection(SolutionConfigurationPlatforms) = preSolution
		Debug|Any CPU = Debug|Any CPU
		Release|Any CPU = Release|Any CPU
	EndGlobalSection
	GlobalSection(ProjectConfigurationPlatforms) = postSolution
		{AB29959A-B04E-4E5F-87F8-BAE12666934A}.Debug|Any CPU.ActiveCfg = Debug|Any CPU
		{AB29959A-B04E-4E5F-87F8-BAE12666934A}.Debug|Any CPU.Build.0 = Debug|Any CPU
		{AB29959A-B04E-4E5F-87F8-BAE12666934A}.Release|Any CPU.ActiveCfg = Release|Any CPU
		{AB29959A-B04E-4E5F-87F8-BAE12666934A}.Release|Any CPU.Build.0 = Release|Any CPU
		{B0375D63-DAB0-47EB-89D8-CF068B45767A}.Debug|Any CPU.ActiveCfg = Debug|Any CPU
		{B0375D63-DAB0-47EB-89D8-CF068B45767A}.Debug|Any CPU.Build.0 = Debug|Any CPU
		{B0375D63-DAB0-47EB-89D8-CF068B45767A}.Release|Any CPU.ActiveCfg = Release|Any CPU
		{B0375D63-DAB0-47EB-89D8-CF068B45767A}.Release|Any CPU.Build.0 = Release|Any CPU
		{07EAFC85-612D-4FDD-8FF9-843C64935E1A}.Debug|Any CPU.ActiveCfg = Debug|Any CPU
		{07EAFC85-612D-4FDD-8FF9-843C64935E1A}.Debug|Any CPU.Build.0 = Debug|Any CPU
		{07EAFC85-612D-4FDD-8FF9-843C64935E1A}.Release|Any CPU.ActiveCfg = Release|Any CPU
		{07EAFC85-612D-4FDD-8FF9-843C64935E1A}.Release|Any CPU.Build.0 = Release|Any CPU
	EndGlobalSection
	GlobalSection(SolutionProperties) = preSolution
		HideSolutionNode = FALSE
	EndGlobalSection
	GlobalSection(NestedProjects) = preSolution
		{B0375D63-DAB0-47EB-89D8-CF068B45767A} = {53A6DE34-7055-49DA-8138-A99D29FCAB6C}
		{07EAFC85-612D-4FDD-8FF9-843C64935E1A} = {53A6DE34-7055-49DA-8138-A99D29FCAB6C}
	EndGlobalSection
	GlobalSection(ExtensibilityGlobals) = postSolution
		SolutionGuid = {E3DE2C9C-66A4-4BE5-9922-2ADEACD43158}
	EndGlobalSection
EndGlobal
